
Microsoft Visual Studio Solution File, Format Version 12.00
# Visual Studio Version 16
VisualStudioVersion = 16.0.31025.109
MinimumVisualStudioVersion = 10.0.40219.1
Project("{FAE04EC0-301F-11D3-BF4B-00C04F79EFBC}") = "JobSearch", "JobSearch\JobSearch.csproj", "{E71970E1-C438-4D6E-BFD8-CE82602C2227}"
EndProject
Global
	GlobalSection(SolutionConfigurationPlatforms) = preSolution
		Debug|Any CPU = Debug|Any CPU
		Release|Any CPU = Release|Any CPU
	EndGlobalSection
	GlobalSection(ProjectConfigurationPlatforms) = postSolution
		{E71970E1-C438-4D6E-BFD8-CE82602C2227}.Debug|Any CPU.ActiveCfg = Debug|Any CPU
		{E71970E1-C438-4D6E-BFD8-CE82602C2227}.Debug|Any CPU.Build.0 = Debug|Any CPU
		{E71970E1-C438-4D6E-BFD8-CE82602C2227}.Release|Any CPU.ActiveCfg = Release|Any CPU
		{E71970E1-C438-4D6E-BFD8-CE82602C2227}.Release|Any CPU.Build.0 = Release|Any CPU
	EndGlobalSection
	GlobalSection(SolutionProperties) = preSolution
		HideSolutionNode = FALSE
	EndGlobalSection
	GlobalSection(ExtensibilityGlobals) = postSolution
		SolutionGuid = {837E9A86-C4FC-4A73-B21C-C2794C35785D}
	EndGlobalSection
EndGlobal
